// !$*UTF8*$!
{
	archiveVersion = 1;
	classes = {
	};
	objectVersion = 45;
	objects = {

/* Begin PBXBuildFile section */
		1DDD58160DA1D0A300B32029 /* MainMenu.xib in Resources */ = {isa = PBXBuildFile; fileRef = 1DDD58140DA1D0A300B32029 /* MainMenu.xib */; };
		256AC3DA0F4B6AC300CF3369 /* MCrux_binAppDelegate.m in Sources */ = {isa = PBXBuildFile; fileRef = 256AC3D90F4B6AC300CF3369 /* MCrux_binAppDelegate.m */; };
		8D11072B0486CEB800E47090 /* InfoPlist.strings in Resources */ = {isa = PBXBuildFile; fileRef = 089C165CFE840E0CC02AAC07 /* InfoPlist.strings */; };
		8D11072D0486CEB800E47090 /* main.m in Sources */ = {isa = PBXBuildFile; fileRef = 29B97316FDCFA39411CA2CEA /* main.m */; settings = {ATTRIBUTES = (); }; };
		8D11072F0486CEB800E47090 /* Cocoa.framework in Frameworks */ = {isa = PBXBuildFile; fileRef = 1058C7A1FEA54F0111CA2CBB /* Cocoa.framework */; };
		F19A0A1E1351346B005EB8E0 /* libcef.dylib in Frameworks */ = {isa = PBXBuildFile; fileRef = F19A0A1D1351346B005EB8E0 /* libcef.dylib */; };
		F19A0A41135136F7005EB8E0 /* libcef_dll_wrapper.a in Frameworks */ = {isa = PBXBuildFile; fileRef = F19A0A40135136F7005EB8E0 /* libcef_dll_wrapper.a */; };
		F19A0A5213513E0B005EB8E0 /* AppKit.framework in Frameworks */ = {isa = PBXBuildFile; fileRef = F19A0A5113513E0B005EB8E0 /* AppKit.framework */; };
		F1E8000B135019D300D65F97 /* MCruxWindow.cpp in Sources */ = {isa = PBXBuildFile; fileRef = F1E80009135019D300D65F97 /* MCruxWindow.cpp */; };
		F1E80010135019F400D65F97 /* MCruxWindowManager.cpp in Sources */ = {isa = PBXBuildFile; fileRef = F1E8000E135019F400D65F97 /* MCruxWindowManager.cpp */; };
		F1E8001713501A4300D65F97 /* BrowserHandler.cpp in Sources */ = {isa = PBXBuildFile; fileRef = F1E8001513501A4300D65F97 /* BrowserHandler.cpp */; };
		F1E8FFDE1350131D00D65F97 /* MCruxSpecParser.cpp in Sources */ = {isa = PBXBuildFile; fileRef = F1E8FFDC1350131D00D65F97 /* MCruxSpecParser.cpp */; };
		F1E8FFF61350172200D65F97 /* libxml2.dylib in Frameworks */ = {isa = PBXBuildFile; fileRef = F1E8FFF51350172200D65F97 /* libxml2.dylib */; };
		F1E8FFFB1350177000D65F97 /* MCruxWindowConfiguration.cpp in Sources */ = {isa = PBXBuildFile; fileRef = F1E8FFF91350177000D65F97 /* MCruxWindowConfiguration.cpp */; };
/* End PBXBuildFile section */

/* Begin PBXFileReference section */
		089C165DFE840E0CC02AAC07 /* English */ = {isa = PBXFileReference; fileEncoding = 4; lastKnownFileType = text.plist.strings; name = English; path = English.lproj/InfoPlist.strings; sourceTree = "<group>"; };
		1058C7A1FEA54F0111CA2CBB /* Cocoa.framework */ = {isa = PBXFileReference; lastKnownFileType = wrapper.framework; name = Cocoa.framework; path = /System/Library/Frameworks/Cocoa.framework; sourceTree = "<absolute>"; };
		13E42FB307B3F0F600E4EEF1 /* CoreData.framework */ = {isa = PBXFileReference; lastKnownFileType = wrapper.framework; name = CoreData.framework; path = /System/Library/Frameworks/CoreData.framework; sourceTree = "<absolute>"; };
		1DDD58150DA1D0A300B32029 /* English */ = {isa = PBXFileReference; lastKnownFileType = file.xib; name = English; path = English.lproj/MainMenu.xib; sourceTree = "<group>"; };
		256AC3D80F4B6AC300CF3369 /* MCrux_binAppDelegate.h */ = {isa = PBXFileReference; fileEncoding = 4; lastKnownFileType = sourcecode.c.h; path = MCrux_binAppDelegate.h; sourceTree = "<group>"; };
		256AC3D90F4B6AC300CF3369 /* MCrux_binAppDelegate.m */ = {isa = PBXFileReference; fileEncoding = 4; lastKnownFileType = sourcecode.c.objc; path = MCrux_binAppDelegate.m; sourceTree = "<group>"; };
		256AC3F00F4B6AF500CF3369 /* MCrux_bin_Prefix.pch */ = {isa = PBXFileReference; fileEncoding = 4; lastKnownFileType = sourcecode.c.h; path = MCrux_bin_Prefix.pch; sourceTree = "<group>"; };
		29B97316FDCFA39411CA2CEA /* main.m */ = {isa = PBXFileReference; fileEncoding = 4; lastKnownFileType = sourcecode.c.objc; path = main.m; sourceTree = "<group>"; };
		29B97324FDCFA39411CA2CEA /* AppKit.framework */ = {isa = PBXFileReference; lastKnownFileType = wrapper.framework; name = AppKit.framework; path = /System/Library/Frameworks/AppKit.framework; sourceTree = "<absolute>"; };
		29B97325FDCFA39411CA2CEA /* Foundation.framework */ = {isa = PBXFileReference; lastKnownFileType = wrapper.framework; name = Foundation.framework; path = /System/Library/Frameworks/Foundation.framework; sourceTree = "<absolute>"; };
		8D1107310486CEB800E47090 /* MCrux_bin-Info.plist */ = {isa = PBXFileReference; fileEncoding = 4; lastKnownFileType = text.plist.xml; path = "MCrux_bin-Info.plist"; sourceTree = "<group>"; };
		8D1107320486CEB800E47090 /* MCrux_bin.app */ = {isa = PBXFileReference; explicitFileType = wrapper.application; includeInIndex = 0; path = MCrux_bin.app; sourceTree = BUILT_PRODUCTS_DIR; };
		F19A0A1D1351346B005EB8E0 /* libcef.dylib */ = {isa = PBXFileReference; lastKnownFileType = "compiled.mach-o.dylib"; name = libcef.dylib; path = /Users/mital/Documents/Personal/mcrux/MCruxLibraries/lib/libcef.dylib; sourceTree = "<absolute>"; };
		F19A0A40135136F7005EB8E0 /* libcef_dll_wrapper.a */ = {isa = PBXFileReference; lastKnownFileType = archive.ar; name = libcef_dll_wrapper.a; path = /Users/mital/Documents/Personal/mcrux/MCruxLibraries/lib/libcef_dll_wrapper.a; sourceTree = "<absolute>"; };
		F19A0A5113513E0B005EB8E0 /* AppKit.framework */ = {isa = PBXFileReference; lastKnownFileType = wrapper.framework; name = AppKit.framework; path = System/Library/Frameworks/AppKit.framework; sourceTree = SDKROOT; };
		F1E80009135019D300D65F97 /* MCruxWindow.cpp */ = {isa = PBXFileReference; fileEncoding = 4; lastKnownFileType = sourcecode.cpp.cpp; name = MCruxWindow.cpp; path = ../src/lib/window/MCruxWindow.cpp; sourceTree = SOURCE_ROOT; };
		F1E8000A135019D300D65F97 /* MCruxWindow.h */ = {isa = PBXFileReference; fileEncoding = 4; lastKnownFileType = sourcecode.c.h; name = MCruxWindow.h; path = ../src/lib/window/MCruxWindow.h; sourceTree = SOURCE_ROOT; };
		F1E8000E135019F400D65F97 /* MCruxWindowManager.cpp */ = {isa = PBXFileReference; fileEncoding = 4; lastKnownFileType = sourcecode.cpp.cpp; name = MCruxWindowManager.cpp; path = ../src/lib/window/MCruxWindowManager.cpp; sourceTree = SOURCE_ROOT; };
		F1E8000F135019F400D65F97 /* MCruxWindowManager.h */ = {isa = PBXFileReference; fileEncoding = 4; lastKnownFileType = sourcecode.c.h; name = MCruxWindowManager.h; path = ../src/lib/window/MCruxWindowManager.h; sourceTree = SOURCE_ROOT; };
		F1E8001513501A4300D65F97 /* BrowserHandler.cpp */ = {isa = PBXFileReference; fileEncoding = 4; lastKnownFileType = sourcecode.cpp.cpp; name = BrowserHandler.cpp; path = ../src/lib/window/BrowserHandler.cpp; sourceTree = SOURCE_ROOT; };
		F1E8001613501A4300D65F97 /* BrowserHandler.h */ = {isa = PBXFileReference; fileEncoding = 4; lastKnownFileType = sourcecode.c.h; name = BrowserHandler.h; path = ../src/lib/window/BrowserHandler.h; sourceTree = SOURCE_ROOT; };
		F1E8FFDC1350131D00D65F97 /* MCruxSpecParser.cpp */ = {isa = PBXFileReference; fileEncoding = 4; lastKnownFileType = sourcecode.cpp.cpp; name = MCruxSpecParser.cpp; path = ../src/lib/MCruxSpecParser.cpp; sourceTree = SOURCE_ROOT; };
		F1E8FFDD1350131D00D65F97 /* MCruxSpecParser.h */ = {isa = PBXFileReference; fileEncoding = 4; lastKnownFileType = sourcecode.c.h; name = MCruxSpecParser.h; path = ../src/lib/MCruxSpecParser.h; sourceTree = SOURCE_ROOT; };
		F1E8FFF51350172200D65F97 /* libxml2.dylib */ = {isa = PBXFileReference; lastKnownFileType = "compiled.mach-o.dylib"; name = libxml2.dylib; path = usr/lib/libxml2.dylib; sourceTree = SDKROOT; };
		F1E8FFF91350177000D65F97 /* MCruxWindowConfiguration.cpp */ = {isa = PBXFileReference; fileEncoding = 4; lastKnownFileType = sourcecode.cpp.cpp; name = MCruxWindowConfiguration.cpp; path = ../src/lib/window/MCruxWindowConfiguration.cpp; sourceTree = SOURCE_ROOT; };
		F1E8FFFA1350177000D65F97 /* MCruxWindowConfiguration.h */ = {isa = PBXFileReference; fileEncoding = 4; lastKnownFileType = sourcecode.c.h; name = MCruxWindowConfiguration.h; path = ../src/lib/window/MCruxWindowConfiguration.h; sourceTree = SOURCE_ROOT; };
/* End PBXFileReference section */

/* Begin PBXFrameworksBuildPhase section */
		8D11072E0486CEB800E47090 /* Frameworks */ = {
			isa = PBXFrameworksBuildPhase;
			buildActionMask = 2147483647;
			files = (
				8D11072F0486CEB800E47090 /* Cocoa.framework in Frameworks */,
				F1E8FFF61350172200D65F97 /* libxml2.dylib in Frameworks */,
				F19A0A1E1351346B005EB8E0 /* libcef.dylib in Frameworks */,
				F19A0A41135136F7005EB8E0 /* libcef_dll_wrapper.a in Frameworks */,
				F19A0A5213513E0B005EB8E0 /* AppKit.framework in Frameworks */,
			);
			runOnlyForDeploymentPostprocessing = 0;
		};
/* End PBXFrameworksBuildPhase section */

/* Begin PBXGroup section */
		080E96DDFE201D6D7F000001 /* Classes */ = {
			isa = PBXGroup;
			children = (
				256AC3D80F4B6AC300CF3369 /* MCrux_binAppDelegate.h */,
				256AC3D90F4B6AC300CF3369 /* MCrux_binAppDelegate.m */,
			);
			name = Classes;
			sourceTree = "<group>";
		};
		1058C7A0FEA54F0111CA2CBB /* Linked Frameworks */ = {
			isa = PBXGroup;
			children = (
				1058C7A1FEA54F0111CA2CBB /* Cocoa.framework */,
			);
			name = "Linked Frameworks";
			sourceTree = "<group>";
		};
		1058C7A2FEA54F0111CA2CBB /* Other Frameworks */ = {
			isa = PBXGroup;
			children = (
				29B97324FDCFA39411CA2CEA /* AppKit.framework */,
				13E42FB307B3F0F600E4EEF1 /* CoreData.framework */,
				29B97325FDCFA39411CA2CEA /* Foundation.framework */,
			);
			name = "Other Frameworks";
			sourceTree = "<group>";
		};
		19C28FACFE9D520D11CA2CBB /* Products */ = {
			isa = PBXGroup;
			children = (
				8D1107320486CEB800E47090 /* MCrux_bin.app */,
			);
			name = Products;
			sourceTree = "<group>";
		};
		29B97314FDCFA39411CA2CEA /* MCrux_bin */ = {
			isa = PBXGroup;
			children = (
				F1E8001513501A4300D65F97 /* BrowserHandler.cpp */,
				F1E8001613501A4300D65F97 /* BrowserHandler.h */,
				F1E8000E135019F400D65F97 /* MCruxWindowManager.cpp */,
				F1E8000F135019F400D65F97 /* MCruxWindowManager.h */,
				F1E80009135019D300D65F97 /* MCruxWindow.cpp */,
				F1E8000A135019D300D65F97 /* MCruxWindow.h */,
				F1E8FFF91350177000D65F97 /* MCruxWindowConfiguration.cpp */,
				F1E8FFFA1350177000D65F97 /* MCruxWindowConfiguration.h */,
				F1E8FFDC1350131D00D65F97 /* MCruxSpecParser.cpp */,
				F1E8FFDD1350131D00D65F97 /* MCruxSpecParser.h */,
				080E96DDFE201D6D7F000001 /* Classes */,
				29B97315FDCFA39411CA2CEA /* Other Sources */,
				29B97317FDCFA39411CA2CEA /* Resources */,
				29B97323FDCFA39411CA2CEA /* Frameworks */,
				19C28FACFE9D520D11CA2CBB /* Products */,
				F1E8FFF51350172200D65F97 /* libxml2.dylib */,
				F19A0A1D1351346B005EB8E0 /* libcef.dylib */,
				F19A0A40135136F7005EB8E0 /* libcef_dll_wrapper.a */,
				F19A0A5113513E0B005EB8E0 /* AppKit.framework */,
			);
			name = MCrux_bin;
			sourceTree = "<group>";
		};
		29B97315FDCFA39411CA2CEA /* Other Sources */ = {
			isa = PBXGroup;
			children = (
				256AC3F00F4B6AF500CF3369 /* MCrux_bin_Prefix.pch */,
				29B97316FDCFA39411CA2CEA /* main.m */,
			);
			name = "Other Sources";
			sourceTree = "<group>";
		};
		29B97317FDCFA39411CA2CEA /* Resources */ = {
			isa = PBXGroup;
			children = (
				8D1107310486CEB800E47090 /* MCrux_bin-Info.plist */,
				089C165CFE840E0CC02AAC07 /* InfoPlist.strings */,
				1DDD58140DA1D0A300B32029 /* MainMenu.xib */,
			);
			name = Resources;
			sourceTree = "<group>";
		};
		29B97323FDCFA39411CA2CEA /* Frameworks */ = {
			isa = PBXGroup;
			children = (
				1058C7A0FEA54F0111CA2CBB /* Linked Frameworks */,
				1058C7A2FEA54F0111CA2CBB /* Other Frameworks */,
			);
			name = Frameworks;
			sourceTree = "<group>";
		};
/* End PBXGroup section */

/* Begin PBXNativeTarget section */
		8D1107260486CEB800E47090 /* MCrux_bin */ = {
			isa = PBXNativeTarget;
			buildConfigurationList = C01FCF4A08A954540054247B /* Build configuration list for PBXNativeTarget "MCrux_bin" */;
			buildPhases = (
				8D1107290486CEB800E47090 /* Resources */,
				8D11072C0486CEB800E47090 /* Sources */,
				8D11072E0486CEB800E47090 /* Frameworks */,
			);
			buildRules = (
			);
			dependencies = (
			);
			name = MCrux_bin;
			productInstallPath = "$(HOME)/Applications";
			productName = MCrux_bin;
			productReference = 8D1107320486CEB800E47090 /* MCrux_bin.app */;
			productType = "com.apple.product-type.application";
		};
/* End PBXNativeTarget section */

/* Begin PBXProject section */
		29B97313FDCFA39411CA2CEA /* Project object */ = {
			isa = PBXProject;
			buildConfigurationList = C01FCF4E08A954540054247B /* Build configuration list for PBXProject "MCrux_bin" */;
			compatibilityVersion = "Xcode 3.1";
			developmentRegion = English;
			hasScannedForEncodings = 1;
			knownRegions = (
				English,
				Japanese,
				French,
				German,
			);
			mainGroup = 29B97314FDCFA39411CA2CEA /* MCrux_bin */;
			projectDirPath = "";
			projectRoot = "";
			targets = (
				8D1107260486CEB800E47090 /* MCrux_bin */,
			);
		};
/* End PBXProject section */

/* Begin PBXResourcesBuildPhase section */
		8D1107290486CEB800E47090 /* Resources */ = {
			isa = PBXResourcesBuildPhase;
			buildActionMask = 2147483647;
			files = (
				8D11072B0486CEB800E47090 /* InfoPlist.strings in Resources */,
				1DDD58160DA1D0A300B32029 /* MainMenu.xib in Resources */,
			);
			runOnlyForDeploymentPostprocessing = 0;
		};
/* End PBXResourcesBuildPhase section */

/* Begin PBXSourcesBuildPhase section */
		8D11072C0486CEB800E47090 /* Sources */ = {
			isa = PBXSourcesBuildPhase;
			buildActionMask = 2147483647;
			files = (
				8D11072D0486CEB800E47090 /* main.m in Sources */,
				256AC3DA0F4B6AC300CF3369 /* MCrux_binAppDelegate.m in Sources */,
				F1E8FFDE1350131D00D65F97 /* MCruxSpecParser.cpp in Sources */,
				F1E8FFFB1350177000D65F97 /* MCruxWindowConfiguration.cpp in Sources */,
				F1E8000B135019D300D65F97 /* MCruxWindow.cpp in Sources */,
				F1E80010135019F400D65F97 /* MCruxWindowManager.cpp in Sources */,
				F1E8001713501A4300D65F97 /* BrowserHandler.cpp in Sources */,
			);
			runOnlyForDeploymentPostprocessing = 0;
		};
/* End PBXSourcesBuildPhase section */

/* Begin PBXVariantGroup section */
		089C165CFE840E0CC02AAC07 /* InfoPlist.strings */ = {
			isa = PBXVariantGroup;
			children = (
				089C165DFE840E0CC02AAC07 /* English */,
			);
			name = InfoPlist.strings;
			sourceTree = "<group>";
		};
		1DDD58140DA1D0A300B32029 /* MainMenu.xib */ = {
			isa = PBXVariantGroup;
			children = (
				1DDD58150DA1D0A300B32029 /* English */,
			);
			name = MainMenu.xib;
			sourceTree = "<group>";
		};
/* End PBXVariantGroup section */

/* Begin XCBuildConfiguration section */
		C01FCF4B08A954540054247B /* Debug */ = {
			isa = XCBuildConfiguration;
			buildSettings = {
				ALWAYS_SEARCH_USER_PATHS = NO;
				ARCHS = "$(NATIVE_ARCH)";
				COPY_PHASE_STRIP = NO;
				GCC_DYNAMIC_NO_PIC = NO;
				GCC_ENABLE_FIX_AND_CONTINUE = YES;
				GCC_MODEL_TUNING = G5;
				GCC_OPTIMIZATION_LEVEL = 0;
				GCC_PRECOMPILE_PREFIX_HEADER = YES;
				GCC_PREFIX_HEADER = MCrux_bin_Prefix.pch;
				HEADER_SEARCH_PATHS = (
					"\"$(SRCROOT)/../MCruxLibraries/include\"",
					/usr/include/libxml2,
				);
				INFOPLIST_FILE = "MCrux_bin-Info.plist";
				INSTALL_PATH = "$(HOME)/Applications";
				LIBRARY_SEARCH_PATHS = "\"$(SRCROOT)/../MCruxLibraries/lib\"";
				ONLY_ACTIVE_ARCH = NO;
				PRELINK_LIBS = "";
				PRODUCT_NAME = MCrux_bin;
				SDKROOT = macosx10.5;
			};
			name = Debug;
		};
		C01FCF4C08A954540054247B /* Release */ = {
			isa = XCBuildConfiguration;
			buildSettings = {
				ALWAYS_SEARCH_USER_PATHS = NO;
				ARCHS = "$(NATIVE_ARCH)";
				DEBUG_INFORMATION_FORMAT = "dwarf-with-dsym";
				GCC_MODEL_TUNING = G5;
				GCC_PRECOMPILE_PREFIX_HEADER = YES;
				GCC_PREFIX_HEADER = MCrux_bin_Prefix.pch;
				HEADER_SEARCH_PATHS = (
					"\"$(SRCROOT)/../MCruxLibraries/include\"",
					/usr/include/libxml2,
				);
				INFOPLIST_FILE = "MCrux_bin-Info.plist";
				INSTALL_PATH = "$(HOME)/Applications";
				LIBRARY_SEARCH_PATHS = "\"$(SRCROOT)/../MCruxLibraries/lib\"";
				ONLY_ACTIVE_ARCH = NO;
				PRELINK_LIBS = "";
				PRODUCT_NAME = MCrux_bin;
				SDKROOT = macosx10.5;
			};
			name = Release;
		};
		C01FCF4F08A954540054247B /* Debug */ = {
			isa = XCBuildConfiguration;
			buildSettings = {
				ARCHS = "$(ARCHS_STANDARD_32_64_BIT)";
				GCC_C_LANGUAGE_STANDARD = gnu99;
				GCC_OPTIMIZATION_LEVEL = 0;
				GCC_WARN_ABOUT_RETURN_TYPE = YES;
				GCC_WARN_UNUSED_VARIABLE = YES;
				ONLY_ACTIVE_ARCH = YES;
				PREBINDING = NO;
				SDKROOT = macosx10.5;
			};
			name = Debug;
		};
		C01FCF5008A954540054247B /* Release */ = {
			isa = XCBuildConfiguration;
			buildSettings = {
				ARCHS = "$(ARCHS_STANDARD_32_64_BIT)";
				GCC_C_LANGUAGE_STANDARD = gnu99;
				GCC_WARN_ABOUT_RETURN_TYPE = YES;
				GCC_WARN_UNUSED_VARIABLE = YES;
				PREBINDING = NO;
				SDKROOT = macosx10.5;
			};
			name = Release;
		};
/* End XCBuildConfiguration section */

/* Begin XCConfigurationList section */
		C01FCF4A08A954540054247B /* Build configuration list for PBXNativeTarget "MCrux_bin" */ = {
			isa = XCConfigurationList;
			buildConfigurations = (
				C01FCF4B08A954540054247B /* Debug */,
				C01FCF4C08A954540054247B /* Release */,
			);
			defaultConfigurationIsVisible = 0;
			defaultConfigurationName = Release;
		};
		C01FCF4E08A954540054247B /* Build configuration list for PBXProject "MCrux_bin" */ = {
			isa = XCConfigurationList;
			buildConfigurations = (
				C01FCF4F08A954540054247B /* Debug */,
				C01FCF5008A954540054247B /* Release */,
			);
			defaultConfigurationIsVisible = 0;
			defaultConfigurationName = Release;
		};
/* End XCConfigurationList section */
	};
	rootObject = 29B97313FDCFA39411CA2CEA /* Project object */;
}
